
Microsoft Visual Studio Solution File, Format Version 12.00
# Visual Studio Version 16
VisualStudioVersion = 16.0.33214.272
MinimumVisualStudioVersion = 10.0.40219.1
Project("{FAE04EC0-301F-11D3-BF4B-00C04F79EFBC}") = "Bookstore", "Bookstore\Bookstore.csproj", "{BF7EE39B-8659-4DB4-9FC0-F97590D3B694}"
EndProject
Global
	GlobalSection(SolutionConfigurationPlatforms) = preSolution
		Debug|Any CPU = Debug|Any CPU
		Release|Any CPU = Release|Any CPU
	EndGlobalSection
	GlobalSection(ProjectConfigurationPlatforms) = postSolution
		{BF7EE39B-8659-4DB4-9FC0-F97590D3B694}.Debug|Any CPU.ActiveCfg = Debug|Any CPU
		{BF7EE39B-8659-4DB4-9FC0-F97590D3B694}.Debug|Any CPU.Build.0 = Debug|Any CPU
		{BF7EE39B-8659-4DB4-9FC0-F97590D3B694}.Release|Any CPU.ActiveCfg = Release|Any CPU
		{BF7EE39B-8659-4DB4-9FC0-F97590D3B694}.Release|Any CPU.Build.0 = Release|Any CPU
	EndGlobalSection
	GlobalSection(SolutionProperties) = preSolution
		HideSolutionNode = FALSE
	EndGlobalSection
	GlobalSection(ExtensibilityGlobals) = postSolution
		SolutionGuid = {13590879-EF2C-425C-AD13-845CFF3678AD}
	EndGlobalSection
EndGlobal
